# THIS IS AN AUTOGENERATED FILE. DO NOT EDIT THIS FILE DIRECTLY.
# yarn lockfile v1


ramda@0.25.0:
  version "0.25.0"
  resolved "https://registry.yarnpkg.com/ramda/-/ramda-0.25.0.tgz#8fdf68231cffa90bc2f9460390a0cb74a29b29a9"
  integrity sha512-GXpfrYVPwx3K7RQ6aYT8KPS8XViSXUVJT1ONhoKPE9VAleW42YE+U+8VEyGWt41EnEQW7gwecYJriTI0pKoecQ==

react-native-reanimated@^1.0.0-alpha.12:
  version "1.0.0-alpha.12"
  resolved "https://registry.yarnpkg.com/react-native-reanimated/-/react-native-reanimated-1.0.0-alpha.12.tgz#535c84a9e87c919417aee0fa68f360b3bb9556b0"
  integrity sha512-jZDPxz8IjpoZ7VAW5X6WJhemmpuLkX6Y9lxKuHJAXls1EwRYkyXIPwvSG34umeqqYSE8Hl3A5TS4pfLORoqm/A==

simple-math-ast@^1.0.0:
  version "1.0.0"
  resolved "https://registry.yarnpkg.com/simple-math-ast/-/simple-math-ast-1.0.0.tgz#6f133ed11353fa5739bd2821129cbfa8266f0652"
  integrity sha512-uABSqNtDy5e9B4tzzN1r2Ug8XD1XcPDtVb79yWPM21obDzDVkSZ/FqLw9RaFWxFrGFeAMu8aBkRThdUtavIbyA==
  dependencies:
    ramda "0.25.0"

typescript@^3.4.1:
  version "3.4.1"
  resolved "https://registry.yarnpkg.com/typescript/-/typescript-3.4.1.tgz#b6691be11a881ffa9a05765a205cb7383f3b63c6"
  integrity sha512-3NSMb2VzDQm8oBTLH6Nj55VVtUEpe/rgkIzMir0qVoLyjDZlnMBva0U6vDiV3IH+sl/Yu6oP5QwsAQtHPmDd2Q==
